
Microsoft Visual Studio Solution File, Format Version 12.00
# Visual Studio Version 17
VisualStudioVersion = 17.13.35806.99 d17.13
MinimumVisualStudioVersion = 10.0.40219.1
Project("{FAE04EC0-301F-11D3-BF4B-00C04F79EFBC}") = "3MLIDTS-MRSR-05", "3MLIDTS-MRSR-05\3MLIDTS-MRSR-05.csproj", "{6B6CC40F-CB24-418C-84F3-C17223D8C785}"
EndProject
Global
	GlobalSection(SolutionConfigurationPlatforms) = preSolution
		Debug|Any CPU = Debug|Any CPU
		Release|Any CPU = Release|Any CPU
	EndGlobalSection
	GlobalSection(ProjectConfigurationPlatforms) = postSolution
		{6B6CC40F-CB24-418C-84F3-C17223D8C785}.Debug|Any CPU.ActiveCfg = Debug|Any CPU
		{6B6CC40F-CB24-418C-84F3-C17223D8C785}.Debug|Any CPU.Build.0 = Debug|Any CPU
		{6B6CC40F-CB24-418C-84F3-C17223D8C785}.Release|Any CPU.ActiveCfg = Release|Any CPU
		{6B6CC40F-CB24-418C-84F3-C17223D8C785}.Release|Any CPU.Build.0 = Release|Any CPU
	EndGlobalSection
	GlobalSection(SolutionProperties) = preSolution
		HideSolutionNode = FALSE
	EndGlobalSection
	GlobalSection(ExtensibilityGlobals) = postSolution
		SolutionGuid = {0C4981F5-760A-4980-ABD0-B08286A51170}
	EndGlobalSection
EndGlobal
